
Microsoft Visual Studio Solution File, Format Version 12.00
# Visual Studio 14
VisualStudioVersion = 14.0.25420.1
MinimumVisualStudioVersion = 10.0.40219.1
Project("{FAE04EC0-301F-11D3-BF4B-00C04F79EFBC}") = "Vanp.DAL", "Vanp.DAL\Vanp.DAL.csproj", "{F1CF743E-F649-4DAB-82E8-53288E2F9C58}"
EndProject
Project("{FAE04EC0-301F-11D3-BF4B-00C04F79EFBC}") = "Vanp.Web", "Vanp.Web\Vanp.Web.csproj", "{BD197881-6DF2-491E-A914-C3D58E8A3485}"
EndProject
Global
	GlobalSection(SolutionConfigurationPlatforms) = preSolution
		Debug|Any CPU = Debug|Any CPU
		Release|Any CPU = Release|Any CPU
	EndGlobalSection
	GlobalSection(ProjectConfigurationPlatforms) = postSolution
		{F1CF743E-F649-4DAB-82E8-53288E2F9C58}.Debug|Any CPU.ActiveCfg = Debug|Any CPU
		{F1CF743E-F649-4DAB-82E8-53288E2F9C58}.Debug|Any CPU.Build.0 = Debug|Any CPU
		{F1CF743E-F649-4DAB-82E8-53288E2F9C58}.Release|Any CPU.ActiveCfg = Release|Any CPU
		{F1CF743E-F649-4DAB-82E8-53288E2F9C58}.Release|Any CPU.Build.0 = Release|Any CPU
		{BD197881-6DF2-491E-A914-C3D58E8A3485}.Debug|Any CPU.ActiveCfg = Debug|Any CPU
		{BD197881-6DF2-491E-A914-C3D58E8A3485}.Debug|Any CPU.Build.0 = Debug|Any CPU
		{BD197881-6DF2-491E-A914-C3D58E8A3485}.Release|Any CPU.ActiveCfg = Release|Any CPU
		{BD197881-6DF2-491E-A914-C3D58E8A3485}.Release|Any CPU.Build.0 = Release|Any CPU
	EndGlobalSection
	GlobalSection(SolutionProperties) = preSolution
		HideSolutionNode = FALSE
	EndGlobalSection
EndGlobal
